
Microsoft Visual Studio Solution File, Format Version 12.00
# Visual Studio Version 17
VisualStudioVersion = 17.6.33723.286
MinimumVisualStudioVersion = 10.0.40219.1
Project("{FAE04EC0-301F-11D3-BF4B-00C04F79EFBC}") = "WorkWithLines", "WorkWithLines\WorkWithLines.csproj", "{8964A172-1109-4768-BD6D-5321F94B7168}"
EndProject
Global
	GlobalSection(SolutionConfigurationPlatforms) = preSolution
		Debug|Any CPU = Debug|Any CPU
		Release|Any CPU = Release|Any CPU
	EndGlobalSection
	GlobalSection(ProjectConfigurationPlatforms) = postSolution
		{8964A172-1109-4768-BD6D-5321F94B7168}.Debug|Any CPU.ActiveCfg = Debug|Any CPU
		{8964A172-1109-4768-BD6D-5321F94B7168}.Debug|Any CPU.Build.0 = Debug|Any CPU
		{8964A172-1109-4768-BD6D-5321F94B7168}.Release|Any CPU.ActiveCfg = Release|Any CPU
		{8964A172-1109-4768-BD6D-5321F94B7168}.Release|Any CPU.Build.0 = Release|Any CPU
	EndGlobalSection
	GlobalSection(SolutionProperties) = preSolution
		HideSolutionNode = FALSE
	EndGlobalSection
	GlobalSection(ExtensibilityGlobals) = postSolution
		SolutionGuid = {7BF1D602-0776-4E33-8C41-EDDBFB326590}
	EndGlobalSection
EndGlobal
